
Microsoft Visual Studio Solution File, Format Version 12.00
Project("{FAE04EC0-301F-11D3-BF4B-00C04F79EFBC}") = "API", "API\API.csproj", "{E01476FA-2505-4E04-B8B9-5A276E411C25}"
EndProject
Project("{FAE04EC0-301F-11D3-BF4B-00C04F79EFBC}") = "Data", "Data\Data.csproj", "{D8215B1E-350E-4EE5-9391-F2959A9E2E0F}"
EndProject
Project("{FAE04EC0-301F-11D3-BF4B-00C04F79EFBC}") = "Football Manager", "Football Manager\Football Manager.csproj", "{0A04682A-463E-4E36-AB71-B2BBFE561885}"
EndProject
Global
	GlobalSection(SolutionConfigurationPlatforms) = preSolution
		Debug|Any CPU = Debug|Any CPU
		Release|Any CPU = Release|Any CPU
	EndGlobalSection
	GlobalSection(ProjectConfigurationPlatforms) = postSolution
		{E01476FA-2505-4E04-B8B9-5A276E411C25}.Debug|Any CPU.ActiveCfg = Debug|Any CPU
		{E01476FA-2505-4E04-B8B9-5A276E411C25}.Debug|Any CPU.Build.0 = Debug|Any CPU
		{E01476FA-2505-4E04-B8B9-5A276E411C25}.Release|Any CPU.ActiveCfg = Release|Any CPU
		{E01476FA-2505-4E04-B8B9-5A276E411C25}.Release|Any CPU.Build.0 = Release|Any CPU
		{D8215B1E-350E-4EE5-9391-F2959A9E2E0F}.Debug|Any CPU.ActiveCfg = Debug|Any CPU
		{D8215B1E-350E-4EE5-9391-F2959A9E2E0F}.Debug|Any CPU.Build.0 = Debug|Any CPU
		{D8215B1E-350E-4EE5-9391-F2959A9E2E0F}.Release|Any CPU.ActiveCfg = Release|Any CPU
		{D8215B1E-350E-4EE5-9391-F2959A9E2E0F}.Release|Any CPU.Build.0 = Release|Any CPU
		{0A04682A-463E-4E36-AB71-B2BBFE561885}.Debug|Any CPU.ActiveCfg = Debug|Any CPU
		{0A04682A-463E-4E36-AB71-B2BBFE561885}.Debug|Any CPU.Build.0 = Debug|Any CPU
		{0A04682A-463E-4E36-AB71-B2BBFE561885}.Release|Any CPU.ActiveCfg = Release|Any CPU
		{0A04682A-463E-4E36-AB71-B2BBFE561885}.Release|Any CPU.Build.0 = Release|Any CPU
	EndGlobalSection
EndGlobal
